
Microsoft Visual Studio Solution File, Format Version 12.00
# Visual Studio 15
VisualStudioVersion = 15.0.27130.2010
MinimumVisualStudioVersion = 10.0.40219.1
Project("{FAE04EC0-301F-11D3-BF4B-00C04F79EFBC}") = "LockService.Core", "LockService.Core\LockService.Core.csproj", "{085831D6-C5D0-4A55-AE77-16D0775FE977}"
EndProject
Project("{FAE04EC0-301F-11D3-BF4B-00C04F79EFBC}") = "LockService.NetFx", "LockService.NetFx\LockService.NetFx.csproj", "{E7752ED3-7A6D-408A-80FD-3C513A3838C2}"
EndProject
Project("{FAE04EC0-301F-11D3-BF4B-00C04F79EFBC}") = "SampleClient", "SampleClient\SampleClient.csproj", "{C58D019F-9D68-4B8F-82C4-6138BFCC15C7}"
EndProject
Project("{2150E333-8FDC-42A3-9474-1A3956D46DE8}") = "Infrastructure", "Infrastructure", "{BD4001F4-1DB0-4D22-817A-FD1A3111D23B}"
	ProjectSection(SolutionItems) = preProject
		docker-compose.yml = docker-compose.yml
		start-redis.bat = start-redis.bat
	EndProjectSection
EndProject
Global
	GlobalSection(SolutionConfigurationPlatforms) = preSolution
		Debug|Any CPU = Debug|Any CPU
		Release|Any CPU = Release|Any CPU
	EndGlobalSection
	GlobalSection(ProjectConfigurationPlatforms) = postSolution
		{085831D6-C5D0-4A55-AE77-16D0775FE977}.Debug|Any CPU.ActiveCfg = Debug|Any CPU
		{085831D6-C5D0-4A55-AE77-16D0775FE977}.Debug|Any CPU.Build.0 = Debug|Any CPU
		{085831D6-C5D0-4A55-AE77-16D0775FE977}.Release|Any CPU.ActiveCfg = Release|Any CPU
		{085831D6-C5D0-4A55-AE77-16D0775FE977}.Release|Any CPU.Build.0 = Release|Any CPU
		{E7752ED3-7A6D-408A-80FD-3C513A3838C2}.Debug|Any CPU.ActiveCfg = Debug|Any CPU
		{E7752ED3-7A6D-408A-80FD-3C513A3838C2}.Debug|Any CPU.Build.0 = Debug|Any CPU
		{E7752ED3-7A6D-408A-80FD-3C513A3838C2}.Release|Any CPU.ActiveCfg = Release|Any CPU
		{E7752ED3-7A6D-408A-80FD-3C513A3838C2}.Release|Any CPU.Build.0 = Release|Any CPU
		{C58D019F-9D68-4B8F-82C4-6138BFCC15C7}.Debug|Any CPU.ActiveCfg = Debug|Any CPU
		{C58D019F-9D68-4B8F-82C4-6138BFCC15C7}.Debug|Any CPU.Build.0 = Debug|Any CPU
		{C58D019F-9D68-4B8F-82C4-6138BFCC15C7}.Release|Any CPU.ActiveCfg = Release|Any CPU
		{C58D019F-9D68-4B8F-82C4-6138BFCC15C7}.Release|Any CPU.Build.0 = Release|Any CPU
	EndGlobalSection
	GlobalSection(SolutionProperties) = preSolution
		HideSolutionNode = FALSE
	EndGlobalSection
	GlobalSection(ExtensibilityGlobals) = postSolution
		SolutionGuid = {C13AC970-0CC7-4B6A-ADB4-230A8CC2F8B6}
	EndGlobalSection
EndGlobal
